
Microsoft Visual Studio Solution File, Format Version 12.00
# Visual Studio Version 17
VisualStudioVersion = 17.8.34330.188
MinimumVisualStudioVersion = 10.0.40219.1
Project("{FAE04EC0-301F-11D3-BF4B-00C04F79EFBC}") = "2Domash2902", "2Domash2902\2Domash2902.csproj", "{7D1E68EC-4C9B-42B3-AEAA-4DAC892DCFEF}"
EndProject
Global
	GlobalSection(SolutionConfigurationPlatforms) = preSolution
		Debug|Any CPU = Debug|Any CPU
		Release|Any CPU = Release|Any CPU
	EndGlobalSection
	GlobalSection(ProjectConfigurationPlatforms) = postSolution
		{7D1E68EC-4C9B-42B3-AEAA-4DAC892DCFEF}.Debug|Any CPU.ActiveCfg = Debug|Any CPU
		{7D1E68EC-4C9B-42B3-AEAA-4DAC892DCFEF}.Debug|Any CPU.Build.0 = Debug|Any CPU
		{7D1E68EC-4C9B-42B3-AEAA-4DAC892DCFEF}.Release|Any CPU.ActiveCfg = Release|Any CPU
		{7D1E68EC-4C9B-42B3-AEAA-4DAC892DCFEF}.Release|Any CPU.Build.0 = Release|Any CPU
	EndGlobalSection
	GlobalSection(SolutionProperties) = preSolution
		HideSolutionNode = FALSE
	EndGlobalSection
	GlobalSection(ExtensibilityGlobals) = postSolution
		SolutionGuid = {86FBC9A2-A3A2-4DA8-B14B-688406AE2464}
	EndGlobalSection
EndGlobal
